// !$*UTF8*$!
{
	archiveVersion = 1;
	classes = {
	};
	objectVersion = 55;
	objects = {

/* Begin PBXBuildFile section */
		C86663A127A22D2800E5779C /* VisibleTaskPriority.swift in Sources */ = {isa = PBXBuildFile; fileRef = C86663A027A22D2800E5779C /* VisibleTaskPriority.swift */; };
		C86663A227A22D2800E5779C /* VisibleTaskPriority.swift in Sources */ = {isa = PBXBuildFile; fileRef = C86663A027A22D2800E5779C /* VisibleTaskPriority.swift */; };
		C8EA60AF2799C24B002E0B93 /* RemindersApp.swift in Sources */ = {isa = PBXBuildFile; fileRef = C8EA609F2799C246002E0B93 /* RemindersApp.swift */; };
		C8EA60B02799C24B002E0B93 /* RemindersApp.swift in Sources */ = {isa = PBXBuildFile; fileRef = C8EA609F2799C246002E0B93 /* RemindersApp.swift */; };
		C8EA60B12799C24B002E0B93 /* ContentView.swift in Sources */ = {isa = PBXBuildFile; fileRef = C8EA60A02799C246002E0B93 /* ContentView.swift */; };
		C8EA60B22799C24B002E0B93 /* ContentView.swift in Sources */ = {isa = PBXBuildFile; fileRef = C8EA60A02799C246002E0B93 /* ContentView.swift */; };
		C8EA60B32799C24B002E0B93 /* Assets.xcassets in Resources */ = {isa = PBXBuildFile; fileRef = C8EA60A12799C24B002E0B93 /* Assets.xcassets */; };
		C8EA60B42799C24B002E0B93 /* Assets.xcassets in Resources */ = {isa = PBXBuildFile; fileRef = C8EA60A12799C24B002E0B93 /* Assets.xcassets */; };
		C8EA60C82799C464002E0B93 /* TaskPriority.swift in Sources */ = {isa = PBXBuildFile; fileRef = C8EA60C72799C464002E0B93 /* TaskPriority.swift */; };
		C8EA60C92799C464002E0B93 /* TaskPriority.swift in Sources */ = {isa = PBXBuildFile; fileRef = C8EA60C72799C464002E0B93 /* TaskPriority.swift */; };
		C8EA60CE2799C48C002E0B93 /* Task.swift in Sources */ = {isa = PBXBuildFile; fileRef = C8EA60CD2799C48C002E0B93 /* Task.swift */; };
		C8EA60CF2799C48C002E0B93 /* Task.swift in Sources */ = {isa = PBXBuildFile; fileRef = C8EA60CD2799C48C002E0B93 /* Task.swift */; };
		C8EA60D12799C4AB002E0B93 /* TaskStore.swift in Sources */ = {isa = PBXBuildFile; fileRef = C8EA60D02799C4AB002E0B93 /* TaskStore.swift */; };
		C8EA60D22799C4AB002E0B93 /* TaskStore.swift in Sources */ = {isa = PBXBuildFile; fileRef = C8EA60D02799C4AB002E0B93 /* TaskStore.swift */; };
		C8EA60D42799CCE3002E0B93 /* TaskCell.swift in Sources */ = {isa = PBXBuildFile; fileRef = C8EA60D32799CCE3002E0B93 /* TaskCell.swift */; };
		C8EA60D52799CCE3002E0B93 /* TaskCell.swift in Sources */ = {isa = PBXBuildFile; fileRef = C8EA60D32799CCE3002E0B93 /* TaskCell.swift */; };
		C8EA60D72799D0F5002E0B93 /* AddTask.swift in Sources */ = {isa = PBXBuildFile; fileRef = C8EA60D62799D0F5002E0B93 /* AddTask.swift */; };
		C8EA60D82799D0F5002E0B93 /* AddTask.swift in Sources */ = {isa = PBXBuildFile; fileRef = C8EA60D62799D0F5002E0B93 /* AddTask.swift */; };
/* End PBXBuildFile section */

/* Begin PBXFileReference section */
		C86663A027A22D2800E5779C /* VisibleTaskPriority.swift */ = {isa = PBXFileReference; lastKnownFileType = sourcecode.swift; path = VisibleTaskPriority.swift; sourceTree = "<group>"; };
		C8EA609F2799C246002E0B93 /* RemindersApp.swift */ = {isa = PBXFileReference; lastKnownFileType = sourcecode.swift; path = RemindersApp.swift; sourceTree = "<group>"; };
		C8EA60A02799C246002E0B93 /* ContentView.swift */ = {isa = PBXFileReference; lastKnownFileType = sourcecode.swift; path = ContentView.swift; sourceTree = "<group>"; };
		C8EA60A12799C24B002E0B93 /* Assets.xcassets */ = {isa = PBXFileReference; lastKnownFileType = folder.assetcatalog; path = Assets.xcassets; sourceTree = "<group>"; };
		C8EA60A62799C24B002E0B93 /* Reminders.app */ = {isa = PBXFileReference; explicitFileType = wrapper.application; includeInIndex = 0; path = Reminders.app; sourceTree = BUILT_PRODUCTS_DIR; };
		C8EA60AC2799C24B002E0B93 /* Reminders.app */ = {isa = PBXFileReference; explicitFileType = wrapper.application; includeInIndex = 0; path = Reminders.app; sourceTree = BUILT_PRODUCTS_DIR; };
		C8EA60AE2799C24B002E0B93 /* macOS.entitlements */ = {isa = PBXFileReference; lastKnownFileType = text.plist.entitlements; path = macOS.entitlements; sourceTree = "<group>"; };
		C8EA60C72799C464002E0B93 /* TaskPriority.swift */ = {isa = PBXFileReference; lastKnownFileType = sourcecode.swift; path = TaskPriority.swift; sourceTree = "<group>"; };
		C8EA60CD2799C48C002E0B93 /* Task.swift */ = {isa = PBXFileReference; lastKnownFileType = sourcecode.swift; path = Task.swift; sourceTree = "<group>"; };
		C8EA60D02799C4AB002E0B93 /* TaskStore.swift */ = {isa = PBXFileReference; lastKnownFileType = sourcecode.swift; path = TaskStore.swift; sourceTree = "<group>"; };
		C8EA60D32799CCE3002E0B93 /* TaskCell.swift */ = {isa = PBXFileReference; lastKnownFileType = sourcecode.swift; path = TaskCell.swift; sourceTree = "<group>"; };
		C8EA60D62799D0F5002E0B93 /* AddTask.swift */ = {isa = PBXFileReference; lastKnownFileType = sourcecode.swift; path = AddTask.swift; sourceTree = "<group>"; };
/* End PBXFileReference section */

/* Begin PBXFrameworksBuildPhase section */
		C8EA60A32799C24B002E0B93 /* Frameworks */ = {
			isa = PBXFrameworksBuildPhase;
			buildActionMask = 2147483647;
			files = (
			);
			runOnlyForDeploymentPostprocessing = 0;
		};
		C8EA60A92799C24B002E0B93 /* Frameworks */ = {
			isa = PBXFrameworksBuildPhase;
			buildActionMask = 2147483647;
			files = (
			);
			runOnlyForDeploymentPostprocessing = 0;
		};
/* End PBXFrameworksBuildPhase section */

/* Begin PBXGroup section */
		C8EA60992799C245002E0B93 = {
			isa = PBXGroup;
			children = (
				C8EA609E2799C246002E0B93 /* Shared */,
				C8EA60AD2799C24B002E0B93 /* macOS */,
				C8EA60A72799C24B002E0B93 /* Products */,
			);
			sourceTree = "<group>";
		};
		C8EA609E2799C246002E0B93 /* Shared */ = {
			isa = PBXGroup;
			children = (
				C8EA609F2799C246002E0B93 /* RemindersApp.swift */,
				C8EA60BE2799C285002E0B93 /* Model */,
				C8EA60BF2799C289002E0B93 /* View Model */,
				C8EA60BD2799C280002E0B93 /* Views */,
				C8EA60A12799C24B002E0B93 /* Assets.xcassets */,
			);
			path = Shared;
			sourceTree = "<group>";
		};
		C8EA60A72799C24B002E0B93 /* Products */ = {
			isa = PBXGroup;
			children = (
				C8EA60A62799C24B002E0B93 /* Reminders.app */,
				C8EA60AC2799C24B002E0B93 /* Reminders.app */,
			);
			name = Products;
			sourceTree = "<group>";
		};
		C8EA60AD2799C24B002E0B93 /* macOS */ = {
			isa = PBXGroup;
			children = (
				C8EA60AE2799C24B002E0B93 /* macOS.entitlements */,
			);
			path = macOS;
			sourceTree = "<group>";
		};
		C8EA60BD2799C280002E0B93 /* Views */ = {
			isa = PBXGroup;
			children = (
				C8EA60A02799C246002E0B93 /* ContentView.swift */,
				C8EA60D32799CCE3002E0B93 /* TaskCell.swift */,
				C8EA60D62799D0F5002E0B93 /* AddTask.swift */,
			);
			path = Views;
			sourceTree = "<group>";
		};
		C8EA60BE2799C285002E0B93 /* Model */ = {
			isa = PBXGroup;
			children = (
				C8EA60C72799C464002E0B93 /* TaskPriority.swift */,
				C8EA60CD2799C48C002E0B93 /* Task.swift */,
				C86663A027A22D2800E5779C /* VisibleTaskPriority.swift */,
			);
			path = Model;
			sourceTree = "<group>";
		};
		C8EA60BF2799C289002E0B93 /* View Model */ = {
			isa = PBXGroup;
			children = (
				C8EA60D02799C4AB002E0B93 /* TaskStore.swift */,
			);
			path = "View Model";
			sourceTree = "<group>";
		};
/* End PBXGroup section */

/* Begin PBXNativeTarget section */
		C8EA60A52799C24B002E0B93 /* Reminders (iOS) */ = {
			isa = PBXNativeTarget;
			buildConfigurationList = C8EA60B72799C24B002E0B93 /* Build configuration list for PBXNativeTarget "Reminders (iOS)" */;
			buildPhases = (
				C8EA60A22799C24B002E0B93 /* Sources */,
				C8EA60A32799C24B002E0B93 /* Frameworks */,
				C8EA60A42799C24B002E0B93 /* Resources */,
			);
			buildRules = (
			);
			dependencies = (
			);
			name = "Reminders (iOS)";
			productName = "Reminders (iOS)";
			productReference = C8EA60A62799C24B002E0B93 /* Reminders.app */;
			productType = "com.apple.product-type.application";
		};
		C8EA60AB2799C24B002E0B93 /* Reminders (macOS) */ = {
			isa = PBXNativeTarget;
			buildConfigurationList = C8EA60BA2799C24B002E0B93 /* Build configuration list for PBXNativeTarget "Reminders (macOS)" */;
			buildPhases = (
				C8EA60A82799C24B002E0B93 /* Sources */,
				C8EA60A92799C24B002E0B93 /* Frameworks */,
				C8EA60AA2799C24B002E0B93 /* Resources */,
			);
			buildRules = (
			);
			dependencies = (
			);
			name = "Reminders (macOS)";
			productName = "Reminders (macOS)";
			productReference = C8EA60AC2799C24B002E0B93 /* Reminders.app */;
			productType = "com.apple.product-type.application";
		};
/* End PBXNativeTarget section */

/* Begin PBXProject section */
		C8EA609A2799C245002E0B93 /* Project object */ = {
			isa = PBXProject;
			attributes = {
				BuildIndependentTargetsInParallel = 1;
				LastSwiftUpdateCheck = 1300;
				LastUpgradeCheck = 1300;
				TargetAttributes = {
					C8EA60A52799C24B002E0B93 = {
						CreatedOnToolsVersion = 13.0;
					};
					C8EA60AB2799C24B002E0B93 = {
						CreatedOnToolsVersion = 13.0;
					};
				};
			};
			buildConfigurationList = C8EA609D2799C245002E0B93 /* Build configuration list for PBXProject "Reminders" */;
			compatibilityVersion = "Xcode 13.0";
			developmentRegion = en;
			hasScannedForEncodings = 0;
			knownRegions = (
				en,
				Base,
			);
			mainGroup = C8EA60992799C245002E0B93;
			productRefGroup = C8EA60A72799C24B002E0B93 /* Products */;
			projectDirPath = "";
			projectRoot = "";
			targets = (
				C8EA60A52799C24B002E0B93 /* Reminders (iOS) */,
				C8EA60AB2799C24B002E0B93 /* Reminders (macOS) */,
			);
		};
/* End PBXProject section */

/* Begin PBXResourcesBuildPhase section */
		C8EA60A42799C24B002E0B93 /* Resources */ = {
			isa = PBXResourcesBuildPhase;
			buildActionMask = 2147483647;
			files = (
				C8EA60B32799C24B002E0B93 /* Assets.xcassets in Resources */,
			);
			runOnlyForDeploymentPostprocessing = 0;
		};
		C8EA60AA2799C24B002E0B93 /* Resources */ = {
			isa = PBXResourcesBuildPhase;
			buildActionMask = 2147483647;
			files = (
				C8EA60B42799C24B002E0B93 /* Assets.xcassets in Resources */,
			);
			runOnlyForDeploymentPostprocessing = 0;
		};
/* End PBXResourcesBuildPhase section */

/* Begin PBXSourcesBuildPhase section */
		C8EA60A22799C24B002E0B93 /* Sources */ = {
			isa = PBXSourcesBuildPhase;
			buildActionMask = 2147483647;
			files = (
				C8EA60D12799C4AB002E0B93 /* TaskStore.swift in Sources */,
				C8EA60C82799C464002E0B93 /* TaskPriority.swift in Sources */,
				C8EA60CE2799C48C002E0B93 /* Task.swift in Sources */,
				C8EA60B12799C24B002E0B93 /* ContentView.swift in Sources */,
				C8EA60D42799CCE3002E0B93 /* TaskCell.swift in Sources */,
				C8EA60D72799D0F5002E0B93 /* AddTask.swift in Sources */,
				C8EA60AF2799C24B002E0B93 /* RemindersApp.swift in Sources */,
				C86663A127A22D2800E5779C /* VisibleTaskPriority.swift in Sources */,
			);
			runOnlyForDeploymentPostprocessing = 0;
		};
		C8EA60A82799C24B002E0B93 /* Sources */ = {
			isa = PBXSourcesBuildPhase;
			buildActionMask = 2147483647;
			files = (
				C8EA60D22799C4AB002E0B93 /* TaskStore.swift in Sources */,
				C8EA60CF2799C48C002E0B93 /* Task.swift in Sources */,
				C8EA60B22799C24B002E0B93 /* ContentView.swift in Sources */,
				C8EA60C92799C464002E0B93 /* TaskPriority.swift in Sources */,
				C8EA60D52799CCE3002E0B93 /* TaskCell.swift in Sources */,
				C8EA60D82799D0F5002E0B93 /* AddTask.swift in Sources */,
				C8EA60B02799C24B002E0B93 /* RemindersApp.swift in Sources */,
				C86663A227A22D2800E5779C /* VisibleTaskPriority.swift in Sources */,
			);
			runOnlyForDeploymentPostprocessing = 0;
		};
/* End PBXSourcesBuildPhase section */

/* Begin XCBuildConfiguration section */
		C8EA60B52799C24B002E0B93 /* Debug */ = {
			isa = XCBuildConfiguration;
			buildSettings = {
				ALWAYS_SEARCH_USER_PATHS = NO;
				CLANG_ANALYZER_NONNULL = YES;
				CLANG_ANALYZER_NUMBER_OBJECT_CONVERSION = YES_AGGRESSIVE;
				CLANG_CXX_LANGUAGE_STANDARD = "gnu++17";
				CLANG_CXX_LIBRARY = "libc++";
				CLANG_ENABLE_MODULES = YES;
				CLANG_ENABLE_OBJC_ARC = YES;
				CLANG_ENABLE_OBJC_WEAK = YES;
				CLANG_WARN_BLOCK_CAPTURE_AUTORELEASING = YES;
				CLANG_WARN_BOOL_CONVERSION = YES;
				CLANG_WARN_COMMA = YES;
				CLANG_WARN_CONSTANT_CONVERSION = YES;
				CLANG_WARN_DEPRECATED_OBJC_IMPLEMENTATIONS = YES;
				CLANG_WARN_DIRECT_OBJC_ISA_USAGE = YES_ERROR;
				CLANG_WARN_DOCUMENTATION_COMMENTS = YES;
				CLANG_WARN_EMPTY_BODY = YES;
				CLANG_WARN_ENUM_CONVERSION = YES;
				CLANG_WARN_INFINITE_RECURSION = YES;
				CLANG_WARN_INT_CONVERSION = YES;
				CLANG_WARN_NON_LITERAL_NULL_CONVERSION = YES;
				CLANG_WARN_OBJC_IMPLICIT_RETAIN_SELF = YES;
				CLANG_WARN_OBJC_LITERAL_CONVERSION = YES;
				CLANG_WARN_OBJC_ROOT_CLASS = YES_ERROR;
				CLANG_WARN_QUOTED_INCLUDE_IN_FRAMEWORK_HEADER = YES;
				CLANG_WARN_RANGE_LOOP_ANALYSIS = YES;
				CLANG_WARN_STRICT_PROTOTYPES = YES;
				CLANG_WARN_SUSPICIOUS_MOVE = YES;
				CLANG_WARN_UNGUARDED_AVAILABILITY = YES_AGGRESSIVE;
				CLANG_WARN_UNREACHABLE_CODE = YES;
				CLANG_WARN__DUPLICATE_METHOD_MATCH = YES;
				COPY_PHASE_STRIP = NO;
				DEBUG_INFORMATION_FORMAT = dwarf;
				ENABLE_STRICT_OBJC_MSGSEND = YES;
				ENABLE_TESTABILITY = YES;
				GCC_C_LANGUAGE_STANDARD = gnu11;
				GCC_DYNAMIC_NO_PIC = NO;
				GCC_NO_COMMON_BLOCKS = YES;
				GCC_OPTIMIZATION_LEVEL = 0;
				GCC_PREPROCESSOR_DEFINITIONS = (
					"DEBUG=1",
					"$(inherited)",
				);
				GCC_WARN_64_TO_32_BIT_CONVERSION = YES;
				GCC_WARN_ABOUT_RETURN_TYPE = YES_ERROR;
				GCC_WARN_UNDECLARED_SELECTOR = YES;
				GCC_WARN_UNINITIALIZED_AUTOS = YES_AGGRESSIVE;
				GCC_WARN_UNUSED_FUNCTION = YES;
				GCC_WARN_UNUSED_VARIABLE = YES;
				MTL_ENABLE_DEBUG_INFO = INCLUDE_SOURCE;
				MTL_FAST_MATH = YES;
				ONLY_ACTIVE_ARCH = YES;
				SWIFT_ACTIVE_COMPILATION_CONDITIONS = DEBUG;
				SWIFT_OPTIMIZATION_LEVEL = "-Onone";
			};
			name = Debug;
		};
		C8EA60B62799C24B002E0B93 /* Release */ = {
			isa = XCBuildConfiguration;
			buildSettings = {
				ALWAYS_SEARCH_USER_PATHS = NO;
				CLANG_ANALYZER_NONNULL = YES;
				CLANG_ANALYZER_NUMBER_OBJECT_CONVERSION = YES_AGGRESSIVE;
				CLANG_CXX_LANGUAGE_STANDARD = "gnu++17";
				CLANG_CXX_LIBRARY = "libc++";
				CLANG_ENABLE_MODULES = YES;
				CLANG_ENABLE_OBJC_ARC = YES;
				CLANG_ENABLE_OBJC_WEAK = YES;
				CLANG_WARN_BLOCK_CAPTURE_AUTORELEASING = YES;
				CLANG_WARN_BOOL_CONVERSION = YES;
				CLANG_WARN_COMMA = YES;
				CLANG_WARN_CONSTANT_CONVERSION = YES;
				CLANG_WARN_DEPRECATED_OBJC_IMPLEMENTATIONS = YES;
				CLANG_WARN_DIRECT_OBJC_ISA_USAGE = YES_ERROR;
				CLANG_WARN_DOCUMENTATION_COMMENTS = YES;
				CLANG_WARN_EMPTY_BODY = YES;
				CLANG_WARN_ENUM_CONVERSION = YES;
				CLANG_WARN_INFINITE_RECURSION = YES;
				CLANG_WARN_INT_CONVERSION = YES;
				CLANG_WARN_NON_LITERAL_NULL_CONVERSION = YES;
				CLANG_WARN_OBJC_IMPLICIT_RETAIN_SELF = YES;
				CLANG_WARN_OBJC_LITERAL_CONVERSION = YES;
				CLANG_WARN_OBJC_ROOT_CLASS = YES_ERROR;
				CLANG_WARN_QUOTED_INCLUDE_IN_FRAMEWORK_HEADER = YES;
				CLANG_WARN_RANGE_LOOP_ANALYSIS = YES;
				CLANG_WARN_STRICT_PROTOTYPES = YES;
				CLANG_WARN_SUSPICIOUS_MOVE = YES;
				CLANG_WARN_UNGUARDED_AVAILABILITY = YES_AGGRESSIVE;
				CLANG_WARN_UNREACHABLE_CODE = YES;
				CLANG_WARN__DUPLICATE_METHOD_MATCH = YES;
				COPY_PHASE_STRIP = NO;
				DEBUG_INFORMATION_FORMAT = "dwarf-with-dsym";
				ENABLE_NS_ASSERTIONS = NO;
				ENABLE_STRICT_OBJC_MSGSEND = YES;
				GCC_C_LANGUAGE_STANDARD = gnu11;
				GCC_NO_COMMON_BLOCKS = YES;
				GCC_WARN_64_TO_32_BIT_CONVERSION = YES;
				GCC_WARN_ABOUT_RETURN_TYPE = YES_ERROR;
				GCC_WARN_UNDECLARED_SELECTOR = YES;
				GCC_WARN_UNINITIALIZED_AUTOS = YES_AGGRESSIVE;
				GCC_WARN_UNUSED_FUNCTION = YES;
				GCC_WARN_UNUSED_VARIABLE = YES;
				MTL_ENABLE_DEBUG_INFO = NO;
				MTL_FAST_MATH = YES;
				SWIFT_COMPILATION_MODE = wholemodule;
				SWIFT_OPTIMIZATION_LEVEL = "-O";
			};
			name = Release;
		};
		C8EA60B82799C24B002E0B93 /* Debug */ = {
			isa = XCBuildConfiguration;
			buildSettings = {
				ASSETCATALOG_COMPILER_APPICON_NAME = AppIcon;
				ASSETCATALOG_COMPILER_GLOBAL_ACCENT_COLOR_NAME = AccentColor;
				CODE_SIGN_STYLE = Automatic;
				CURRENT_PROJECT_VERSION = 1;
				DEVELOPMENT_TEAM = 89CY642UG3;
				ENABLE_PREVIEWS = YES;
				GENERATE_INFOPLIST_FILE = YES;
				INFOPLIST_KEY_UIApplicationSceneManifest_Generation = YES;
				INFOPLIST_KEY_UIApplicationSupportsIndirectInputEvents = YES;
				INFOPLIST_KEY_UILaunchScreen_Generation = YES;
				INFOPLIST_KEY_UISupportedInterfaceOrientations_iPad = "UIInterfaceOrientationPortrait UIInterfaceOrientationPortraitUpsideDown UIInterfaceOrientationLandscapeLeft UIInterfaceOrientationLandscapeRight";
				INFOPLIST_KEY_UISupportedInterfaceOrientations_iPhone = "UIInterfaceOrientationPortrait UIInterfaceOrientationLandscapeLeft UIInterfaceOrientationLandscapeRight";
				IPHONEOS_DEPLOYMENT_TARGET = 15.0;
				LD_RUNPATH_SEARCH_PATHS = (
					"$(inherited)",
					"@executable_path/Frameworks",
				);
				MARKETING_VERSION = 1.0;
				PRODUCT_BUNDLE_IDENTIFIER = ca.jinasalvarajah.Reminders;
				PRODUCT_NAME = Reminders;
				SDKROOT = iphoneos;
				SWIFT_EMIT_LOC_STRINGS = YES;
				SWIFT_VERSION = 5.0;
				TARGETED_DEVICE_FAMILY = "1,2";
			};
			name = Debug;
		};
		C8EA60B92799C24B002E0B93 /* Release */ = {
			isa = XCBuildConfiguration;
			buildSettings = {
				ASSETCATALOG_COMPILER_APPICON_NAME = AppIcon;
				ASSETCATALOG_COMPILER_GLOBAL_ACCENT_COLOR_NAME = AccentColor;
				CODE_SIGN_STYLE = Automatic;
				CURRENT_PROJECT_VERSION = 1;
				DEVELOPMENT_TEAM = 89CY642UG3;
				ENABLE_PREVIEWS = YES;
				GENERATE_INFOPLIST_FILE = YES;
				INFOPLIST_KEY_UIApplicationSceneManifest_Generation = YES;
				INFOPLIST_KEY_UIApplicationSupportsIndirectInputEvents = YES;
				INFOPLIST_KEY_UILaunchScreen_Generation = YES;
				INFOPLIST_KEY_UISupportedInterfaceOrientations_iPad = "UIInterfaceOrientationPortrait UIInterfaceOrientationPortraitUpsideDown UIInterfaceOrientationLandscapeLeft UIInterfaceOrientationLandscapeRight";
				INFOPLIST_KEY_UISupportedInterfaceOrientations_iPhone = "UIInterfaceOrientationPortrait UIInterfaceOrientationLandscapeLeft UIInterfaceOrientationLandscapeRight";
				IPHONEOS_DEPLOYMENT_TARGET = 15.0;
				LD_RUNPATH_SEARCH_PATHS = (
					"$(inherited)",
					"@executable_path/Frameworks",
				);
				MARKETING_VERSION = 1.0;
				PRODUCT_BUNDLE_IDENTIFIER = ca.jinasalvarajah.Reminders;
				PRODUCT_NAME = Reminders;
				SDKROOT = iphoneos;
				SWIFT_EMIT_LOC_STRINGS = YES;
				SWIFT_VERSION = 5.0;
				TARGETED_DEVICE_FAMILY = "1,2";
				VALIDATE_PRODUCT = YES;
			};
			name = Release;
		};
		C8EA60BB2799C24B002E0B93 /* Debug */ = {
			isa = XCBuildConfiguration;
			buildSettings = {
				ASSETCATALOG_COMPILER_APPICON_NAME = AppIcon;
				ASSETCATALOG_COMPILER_GLOBAL_ACCENT_COLOR_NAME = AccentColor;
				CODE_SIGN_ENTITLEMENTS = macOS/macOS.entitlements;
				CODE_SIGN_STYLE = Automatic;
				COMBINE_HIDPI_IMAGES = YES;
				CURRENT_PROJECT_VERSION = 1;
				DEVELOPMENT_TEAM = 89CY642UG3;
				ENABLE_HARDENED_RUNTIME = YES;
				ENABLE_PREVIEWS = YES;
				GENERATE_INFOPLIST_FILE = YES;
				INFOPLIST_KEY_NSHumanReadableCopyright = "";
				LD_RUNPATH_SEARCH_PATHS = (
					"$(inherited)",
					"@executable_path/../Frameworks",
				);
				MACOSX_DEPLOYMENT_TARGET = 11.0;
				MARKETING_VERSION = 1.0;
				PRODUCT_BUNDLE_IDENTIFIER = ca.jinasalvarajah.Reminders;
				PRODUCT_NAME = Reminders;
				SDKROOT = macosx;
				SWIFT_EMIT_LOC_STRINGS = YES;
				SWIFT_VERSION = 5.0;
			};
			name = Debug;
		};
		C8EA60BC2799C24B002E0B93 /* Release */ = {
			isa = XCBuildConfiguration;
			buildSettings = {
				ASSETCATALOG_COMPILER_APPICON_NAME = AppIcon;
				ASSETCATALOG_COMPILER_GLOBAL_ACCENT_COLOR_NAME = AccentColor;
				CODE_SIGN_ENTITLEMENTS = macOS/macOS.entitlements;
				CODE_SIGN_STYLE = Automatic;
				COMBINE_HIDPI_IMAGES = YES;
				CURRENT_PROJECT_VERSION = 1;
				DEVELOPMENT_TEAM = 89CY642UG3;
				ENABLE_HARDENED_RUNTIME = YES;
				ENABLE_PREVIEWS = YES;
				GENERATE_INFOPLIST_FILE = YES;
				INFOPLIST_KEY_NSHumanReadableCopyright = "";
				LD_RUNPATH_SEARCH_PATHS = (
					"$(inherited)",
					"@executable_path/../Frameworks",
				);
				MACOSX_DEPLOYMENT_TARGET = 11.0;
				MARKETING_VERSION = 1.0;
				PRODUCT_BUNDLE_IDENTIFIER = ca.jinasalvarajah.Reminders;
				PRODUCT_NAME = Reminders;
				SDKROOT = macosx;
				SWIFT_EMIT_LOC_STRINGS = YES;
				SWIFT_VERSION = 5.0;
			};
			name = Release;
		};
/* End XCBuildConfiguration section */

/* Begin XCConfigurationList section */
		C8EA609D2799C245002E0B93 /* Build configuration list for PBXProject "Reminders" */ = {
			isa = XCConfigurationList;
			buildConfigurations = (
				C8EA60B52799C24B002E0B93 /* Debug */,
				C8EA60B62799C24B002E0B93 /* Release */,
			);
			defaultConfigurationIsVisible = 0;
			defaultConfigurationName = Release;
		};
		C8EA60B72799C24B002E0B93 /* Build configuration list for PBXNativeTarget "Reminders (iOS)" */ = {
			isa = XCConfigurationList;
			buildConfigurations = (
				C8EA60B82799C24B002E0B93 /* Debug */,
				C8EA60B92799C24B002E0B93 /* Release */,
			);
			defaultConfigurationIsVisible = 0;
			defaultConfigurationName = Release;
		};
		C8EA60BA2799C24B002E0B93 /* Build configuration list for PBXNativeTarget "Reminders (macOS)" */ = {
			isa = XCConfigurationList;
			buildConfigurations = (
				C8EA60BB2799C24B002E0B93 /* Debug */,
				C8EA60BC2799C24B002E0B93 /* Release */,
			);
			defaultConfigurationIsVisible = 0;
			defaultConfigurationName = Release;
		};
/* End XCConfigurationList section */
	};
	rootObject = C8EA609A2799C245002E0B93 /* Project object */;
}
